# This file is generated by running "yarn install" inside your project.
# Manual changes might be lost - proceed with caution!

__metadata:
  version: 8
  cacheKey: 10c0

"@complete-design-system/foundation@workspace:^, @complete-design-system/foundation@workspace:packages/foundation":
  version: 0.0.0-use.local
  resolution: "@complete-design-system/foundation@workspace:packages/foundation"
  languageName: unknown
  linkType: soft

"@complete-design-system/react@workspace:^, @complete-design-system/react@workspace:packages/react":
  version: 0.0.0-use.local
  resolution: "@complete-design-system/react@workspace:packages/react"
  dependencies:
    "@complete-design-system/foundation": "workspace:^"
  languageName: unknown
  linkType: soft

"@complete-design-system/storybook@workspace:packages/storybook":
  version: 0.0.0-use.local
  resolution: "@complete-design-system/storybook@workspace:packages/storybook"
  dependencies:
    "@complete-design-system/foundation": "workspace:^"
    "@complete-design-system/react": "workspace:^"
  languageName: unknown
  linkType: soft

"complete-design-system@workspace:.":
  version: 0.0.0-use.local
  resolution: "complete-design-system@workspace:."
  languageName: unknown
  linkType: soft
